
Microsoft Visual Studio Solution File, Format Version 12.00
# Visual Studio Version 17
VisualStudioVersion = 17.5.33502.453
MinimumVisualStudioVersion = 10.0.40219.1
Project("{9A19103F-16F7-4668-BE54-9A1E7A4F7556}") = "ToDo.API", "ToDo.API\ToDo.API.csproj", "{D8D992ED-BA37-4673-AC3A-ABC3E64D9C57}"
EndProject
Project("{9A19103F-16F7-4668-BE54-9A1E7A4F7556}") = "ToDo.Shared", "ToDo.Shared\ToDo.Shared.csproj", "{62E8957B-D884-4B96-A411-8A6378CD4FFC}"
EndProject
Project("{9A19103F-16F7-4668-BE54-9A1E7A4F7556}") = "ToDo.Test", "ToDo.Test\ToDo.Test.csproj", "{E83C76A8-D8B2-4A3D-9C92-286217BC377D}"
EndProject
Project("{9A19103F-16F7-4668-BE54-9A1E7A4F7556}") = "ToDo.Web", "ToDo.Web\ToDo.Web.csproj", "{6BA126C1-2308-4E8C-AFE4-D6D03BB09B45}"
EndProject
Project("{2150E333-8FDC-42A3-9474-1A3956D46DE8}") = "Submodules", "Submodules", "{CBAC93D6-05CA-4856-9757-1834850DD84E}"
EndProject
Project("{9A19103F-16F7-4668-BE54-9A1E7A4F7556}") = "ShiftFrameworkTestingTools", "ShiftFrameworkTestingTools\ShiftFrameworkTestingTools\ShiftFrameworkTestingTools.csproj", "{B0FF9ACF-85D3-4014-AECC-6F0DFC2E7C77}"
EndProject
Project("{9A19103F-16F7-4668-BE54-9A1E7A4F7556}") = "ShiftIdentity.Core", "..\ShiftIdentity\ShiftIdentity.Core\ShiftIdentity.Core.csproj", "{08B042D5-251D-45F3-8460-19755C95F27A}"
EndProject
Project("{9A19103F-16F7-4668-BE54-9A1E7A4F7556}") = "ShiftIdentity.AspNetCore", "..\ShiftIdentity\ShiftIdentity.AspNetCore\ShiftIdentity.AspNetCore.csproj", "{30A9B09B-4F64-4C9B-A710-2C992F36F3C6}"
EndProject
Project("{9A19103F-16F7-4668-BE54-9A1E7A4F7556}") = "ShiftIdentity.Blazor", "..\ShiftIdentity\ShiftIdentity.Blazor\ShiftIdentity.Blazor.csproj", "{421EC17F-9C5D-436A-9617-9946223E7215}"
EndProject
Project("{9A19103F-16F7-4668-BE54-9A1E7A4F7556}") = "ShiftIdentity.Dashboard.AspNetCore", "..\ShiftIdentity\ShiftIdentity.Dashboard.AspNetCore\ShiftIdentity.Dashboard.AspNetCore.csproj", "{F2345212-2379-4919-8A13-B7E5E6263775}"
EndProject
Project("{9A19103F-16F7-4668-BE54-9A1E7A4F7556}") = "ShiftIdentity.Dashboard.Blazor", "..\ShiftIdentity\ShiftIdentity.Dashboard.Blazor\ShiftIdentity.Dashboard.Blazor.csproj", "{3CF4C562-6EB8-434D-8328-E6AF965219C4}"
EndProject
Project("{9A19103F-16F7-4668-BE54-9A1E7A4F7556}") = "TypeAuth.Blazor", "..\TypeAuth\TypeAuth.Blazor\TypeAuth.Blazor.csproj", "{B35858CB-9F34-4C1B-B4D3-F0277DEE5E5F}"
EndProject
Project("{9A19103F-16F7-4668-BE54-9A1E7A4F7556}") = "TypeAuth.Core", "..\TypeAuth\TypeAuth.Core\TypeAuth.Core.csproj", "{526A2E4D-4234-4C46-B98D-76E698D31A85}"
EndProject
Global
	GlobalSection(SolutionConfigurationPlatforms) = preSolution
		Debug|Any CPU = Debug|Any CPU
		Release|Any CPU = Release|Any CPU
	EndGlobalSection
	GlobalSection(ProjectConfigurationPlatforms) = postSolution
		{D8D992ED-BA37-4673-AC3A-ABC3E64D9C57}.Debug|Any CPU.ActiveCfg = Debug|Any CPU
		{D8D992ED-BA37-4673-AC3A-ABC3E64D9C57}.Debug|Any CPU.Build.0 = Debug|Any CPU
		{D8D992ED-BA37-4673-AC3A-ABC3E64D9C57}.Release|Any CPU.ActiveCfg = Release|Any CPU
		{D8D992ED-BA37-4673-AC3A-ABC3E64D9C57}.Release|Any CPU.Build.0 = Release|Any CPU
		{62E8957B-D884-4B96-A411-8A6378CD4FFC}.Debug|Any CPU.ActiveCfg = Debug|Any CPU
		{62E8957B-D884-4B96-A411-8A6378CD4FFC}.Debug|Any CPU.Build.0 = Debug|Any CPU
		{62E8957B-D884-4B96-A411-8A6378CD4FFC}.Release|Any CPU.ActiveCfg = Release|Any CPU
		{62E8957B-D884-4B96-A411-8A6378CD4FFC}.Release|Any CPU.Build.0 = Release|Any CPU
		{E83C76A8-D8B2-4A3D-9C92-286217BC377D}.Debug|Any CPU.ActiveCfg = Debug|Any CPU
		{E83C76A8-D8B2-4A3D-9C92-286217BC377D}.Debug|Any CPU.Build.0 = Debug|Any CPU
		{E83C76A8-D8B2-4A3D-9C92-286217BC377D}.Release|Any CPU.ActiveCfg = Release|Any CPU
		{E83C76A8-D8B2-4A3D-9C92-286217BC377D}.Release|Any CPU.Build.0 = Release|Any CPU
		{6BA126C1-2308-4E8C-AFE4-D6D03BB09B45}.Debug|Any CPU.ActiveCfg = Debug|Any CPU
		{6BA126C1-2308-4E8C-AFE4-D6D03BB09B45}.Debug|Any CPU.Build.0 = Debug|Any CPU
		{6BA126C1-2308-4E8C-AFE4-D6D03BB09B45}.Release|Any CPU.ActiveCfg = Release|Any CPU
		{6BA126C1-2308-4E8C-AFE4-D6D03BB09B45}.Release|Any CPU.Build.0 = Release|Any CPU
		{B0FF9ACF-85D3-4014-AECC-6F0DFC2E7C77}.Debug|Any CPU.ActiveCfg = Debug|Any CPU
		{B0FF9ACF-85D3-4014-AECC-6F0DFC2E7C77}.Debug|Any CPU.Build.0 = Debug|Any CPU
		{B0FF9ACF-85D3-4014-AECC-6F0DFC2E7C77}.Release|Any CPU.ActiveCfg = Release|Any CPU
		{B0FF9ACF-85D3-4014-AECC-6F0DFC2E7C77}.Release|Any CPU.Build.0 = Release|Any CPU
		{08B042D5-251D-45F3-8460-19755C95F27A}.Debug|Any CPU.ActiveCfg = Debug|Any CPU
		{08B042D5-251D-45F3-8460-19755C95F27A}.Debug|Any CPU.Build.0 = Debug|Any CPU
		{08B042D5-251D-45F3-8460-19755C95F27A}.Release|Any CPU.ActiveCfg = Release|Any CPU
		{08B042D5-251D-45F3-8460-19755C95F27A}.Release|Any CPU.Build.0 = Release|Any CPU
		{30A9B09B-4F64-4C9B-A710-2C992F36F3C6}.Debug|Any CPU.ActiveCfg = Debug|Any CPU
		{30A9B09B-4F64-4C9B-A710-2C992F36F3C6}.Debug|Any CPU.Build.0 = Debug|Any CPU
		{30A9B09B-4F64-4C9B-A710-2C992F36F3C6}.Release|Any CPU.ActiveCfg = Release|Any CPU
		{30A9B09B-4F64-4C9B-A710-2C992F36F3C6}.Release|Any CPU.Build.0 = Release|Any CPU
		{421EC17F-9C5D-436A-9617-9946223E7215}.Debug|Any CPU.ActiveCfg = Debug|Any CPU
		{421EC17F-9C5D-436A-9617-9946223E7215}.Debug|Any CPU.Build.0 = Debug|Any CPU
		{421EC17F-9C5D-436A-9617-9946223E7215}.Release|Any CPU.ActiveCfg = Release|Any CPU
		{421EC17F-9C5D-436A-9617-9946223E7215}.Release|Any CPU.Build.0 = Release|Any CPU
		{F2345212-2379-4919-8A13-B7E5E6263775}.Debug|Any CPU.ActiveCfg = Debug|Any CPU
		{F2345212-2379-4919-8A13-B7E5E6263775}.Debug|Any CPU.Build.0 = Debug|Any CPU
		{F2345212-2379-4919-8A13-B7E5E6263775}.Release|Any CPU.ActiveCfg = Release|Any CPU
		{F2345212-2379-4919-8A13-B7E5E6263775}.Release|Any CPU.Build.0 = Release|Any CPU
		{3CF4C562-6EB8-434D-8328-E6AF965219C4}.Debug|Any CPU.ActiveCfg = Debug|Any CPU
		{3CF4C562-6EB8-434D-8328-E6AF965219C4}.Debug|Any CPU.Build.0 = Debug|Any CPU
		{3CF4C562-6EB8-434D-8328-E6AF965219C4}.Release|Any CPU.ActiveCfg = Release|Any CPU
		{3CF4C562-6EB8-434D-8328-E6AF965219C4}.Release|Any CPU.Build.0 = Release|Any CPU
		{B35858CB-9F34-4C1B-B4D3-F0277DEE5E5F}.Debug|Any CPU.ActiveCfg = Debug|Any CPU
		{B35858CB-9F34-4C1B-B4D3-F0277DEE5E5F}.Debug|Any CPU.Build.0 = Debug|Any CPU
		{B35858CB-9F34-4C1B-B4D3-F0277DEE5E5F}.Release|Any CPU.ActiveCfg = Release|Any CPU
		{B35858CB-9F34-4C1B-B4D3-F0277DEE5E5F}.Release|Any CPU.Build.0 = Release|Any CPU
		{526A2E4D-4234-4C46-B98D-76E698D31A85}.Debug|Any CPU.ActiveCfg = Debug|Any CPU
		{526A2E4D-4234-4C46-B98D-76E698D31A85}.Debug|Any CPU.Build.0 = Debug|Any CPU
		{526A2E4D-4234-4C46-B98D-76E698D31A85}.Release|Any CPU.ActiveCfg = Release|Any CPU
		{526A2E4D-4234-4C46-B98D-76E698D31A85}.Release|Any CPU.Build.0 = Release|Any CPU
	EndGlobalSection
	GlobalSection(SolutionProperties) = preSolution
		HideSolutionNode = FALSE
	EndGlobalSection
	GlobalSection(NestedProjects) = preSolution
		{B0FF9ACF-85D3-4014-AECC-6F0DFC2E7C77} = {CBAC93D6-05CA-4856-9757-1834850DD84E}
	EndGlobalSection
	GlobalSection(ExtensibilityGlobals) = postSolution
		SolutionGuid = {547274AF-5DE3-4E97-AA97-38AD0AE81C22}
	EndGlobalSection
EndGlobal
