
Microsoft Visual Studio Solution File, Format Version 12.00
# Visual Studio Version 17
VisualStudioVersion = 17.5.33502.453
MinimumVisualStudioVersion = 10.0.40219.1
Project("{9A19103F-16F7-4668-BE54-9A1E7A4F7556}") = "ToDo.API", "ToDo.API\ToDo.API.csproj", "{D8D992ED-BA37-4673-AC3A-ABC3E64D9C57}"
EndProject
Project("{9A19103F-16F7-4668-BE54-9A1E7A4F7556}") = "ToDo.Shared", "ToDo.Shared\ToDo.Shared.csproj", "{62E8957B-D884-4B96-A411-8A6378CD4FFC}"
EndProject
Project("{9A19103F-16F7-4668-BE54-9A1E7A4F7556}") = "ToDo.Test", "ToDo.Test\ToDo.Test.csproj", "{E83C76A8-D8B2-4A3D-9C92-286217BC377D}"
EndProject
Project("{9A19103F-16F7-4668-BE54-9A1E7A4F7556}") = "ToDo.Web", "ToDo.Web\ToDo.Web.csproj", "{6BA126C1-2308-4E8C-AFE4-D6D03BB09B45}"
EndProject
Project("{2150E333-8FDC-42A3-9474-1A3956D46DE8}") = "ShiftFramework", "ShiftFramework", "{50743F3B-2BEF-4AF5-AEFB-BE1BD1B65EB5}"
	ProjectSection(SolutionItems) = preProject
		ImportAndReferenceAll.bat = ImportAndReferenceAll.bat
		RemoveAll.bat = RemoveAll.bat
	EndProjectSection
EndProject
Project("{2150E333-8FDC-42A3-9474-1A3956D46DE8}") = "ShiftEntity", "ShiftEntity", "{D4E58EDE-90A3-480E-AD31-5EA419BE2530}"
EndProject
Project("{FAE04EC0-301F-11D3-BF4B-00C04F79EFBC}") = "ShiftEntity.Model", "..\ShiftEntity\ShiftEntity.Model\ShiftEntity.Model.csproj", "{8A08E4F5-DFFD-415D-94C9-077605BB3DFB}"
EndProject
Project("{FAE04EC0-301F-11D3-BF4B-00C04F79EFBC}") = "ShiftEntity.Core", "..\ShiftEntity\ShiftEntity.Core\ShiftEntity.Core.csproj", "{E8C808DB-5E82-45B8-A56F-0C52D26299A9}"
EndProject
Project("{FAE04EC0-301F-11D3-BF4B-00C04F79EFBC}") = "ShiftEntity.Web", "..\ShiftEntity\ShiftEntity.Web\ShiftEntity.Web.csproj", "{CADF822B-84BC-4363-9B73-E54E8CB96D3F}"
EndProject
Project("{FAE04EC0-301F-11D3-BF4B-00C04F79EFBC}") = "ShiftEntity.EFCore.SqlServer", "..\ShiftEntity\ShiftEntity.EFCore.SqlServer\ShiftEntity.EFCore.SqlServer.csproj", "{98594D26-1FF7-4DA5-B534-81F13B30B8C6}"
EndProject
Project("{2150E333-8FDC-42A3-9474-1A3956D46DE8}") = "ShiftBlazor", "ShiftBlazor", "{BC45EE74-C01B-4CCC-84D3-7CB9B25611EA}"
EndProject
Project("{FAE04EC0-301F-11D3-BF4B-00C04F79EFBC}") = "ShiftBlazor", "..\ShiftBlazor\ShiftBlazor\ShiftBlazor.csproj", "{CF9F6B6E-D36E-4404-97C5-5A02B6E0F56E}"
EndProject
Project("{FAE04EC0-301F-11D3-BF4B-00C04F79EFBC}") = "ShiftBlazor.Tests", "..\ShiftBlazor\ShiftBlazor.Tests\ShiftBlazor.Tests.csproj", "{2D4392AC-8A6A-46DD-AF50-B309B75DD630}"
EndProject
Project("{2150E333-8FDC-42A3-9474-1A3956D46DE8}") = "TypeAuth", "TypeAuth", "{B94F8682-F83F-4B9C-9C66-D82F7BFFB806}"
EndProject
Project("{FAE04EC0-301F-11D3-BF4B-00C04F79EFBC}") = "TypeAuth.Core", "..\TypeAuth\TypeAuth.Core\TypeAuth.Core.csproj", "{DE4BA59A-21B8-46CE-AB83-9906AB224E83}"
EndProject
Project("{FAE04EC0-301F-11D3-BF4B-00C04F79EFBC}") = "TypeAuth.Blazor", "..\TypeAuth\TypeAuth.Blazor\TypeAuth.Blazor.csproj", "{D2506A5E-489C-476E-8712-13828D7A8210}"
EndProject
Project("{FAE04EC0-301F-11D3-BF4B-00C04F79EFBC}") = "TypeAuth.AspNetCore", "..\TypeAuth\TypeAuth.AspNetCore\TypeAuth.AspNetCore.csproj", "{DBD2E46F-8709-4B51-9844-A6290EE35BAB}"
EndProject
Project("{2150E333-8FDC-42A3-9474-1A3956D46DE8}") = "ShiftIdentity", "ShiftIdentity", "{0C98D4EF-18BA-4AAF-AA12-D2E140F38537}"
EndProject
Project("{FAE04EC0-301F-11D3-BF4B-00C04F79EFBC}") = "ShiftIdentity.Core", "..\ShiftIdentity\ShiftIdentity.Core\ShiftIdentity.Core.csproj", "{1270ED03-99E3-4489-8964-795355500624}"
EndProject
Project("{FAE04EC0-301F-11D3-BF4B-00C04F79EFBC}") = "ShiftIdentity.AspNetCore", "..\ShiftIdentity\ShiftIdentity.AspNetCore\ShiftIdentity.AspNetCore.csproj", "{C672BF9E-852B-4FCE-B923-F60E6D1302A3}"
EndProject
Project("{FAE04EC0-301F-11D3-BF4B-00C04F79EFBC}") = "ShiftIdentity.Blazor", "..\ShiftIdentity\ShiftIdentity.Blazor\ShiftIdentity.Blazor.csproj", "{48AB90D2-1125-41A3-84AC-5251B3431D13}"
EndProject
Project("{FAE04EC0-301F-11D3-BF4B-00C04F79EFBC}") = "ShiftIdentity.Dashboard.AspNetCore", "..\ShiftIdentity\ShiftIdentity.Dashboard.AspNetCore\ShiftIdentity.Dashboard.AspNetCore.csproj", "{E09ECA02-6559-4B70-AD22-8C93DA5ADE8A}"
EndProject
Project("{FAE04EC0-301F-11D3-BF4B-00C04F79EFBC}") = "ShiftIdentity.Dashboard.Blazor", "..\ShiftIdentity\ShiftIdentity.Dashboard.Blazor\ShiftIdentity.Dashboard.Blazor.csproj", "{429C3970-E544-44A6-8394-C5CCDCDCF524}"
EndProject
Global
	GlobalSection(SolutionConfigurationPlatforms) = preSolution
		Debug|Any CPU = Debug|Any CPU
		Release|Any CPU = Release|Any CPU
	EndGlobalSection
	GlobalSection(ProjectConfigurationPlatforms) = postSolution
		{D8D992ED-BA37-4673-AC3A-ABC3E64D9C57}.Debug|Any CPU.ActiveCfg = Debug|Any CPU
		{D8D992ED-BA37-4673-AC3A-ABC3E64D9C57}.Debug|Any CPU.Build.0 = Debug|Any CPU
		{D8D992ED-BA37-4673-AC3A-ABC3E64D9C57}.Release|Any CPU.ActiveCfg = Release|Any CPU
		{D8D992ED-BA37-4673-AC3A-ABC3E64D9C57}.Release|Any CPU.Build.0 = Release|Any CPU
		{62E8957B-D884-4B96-A411-8A6378CD4FFC}.Debug|Any CPU.ActiveCfg = Debug|Any CPU
		{62E8957B-D884-4B96-A411-8A6378CD4FFC}.Debug|Any CPU.Build.0 = Debug|Any CPU
		{62E8957B-D884-4B96-A411-8A6378CD4FFC}.Release|Any CPU.ActiveCfg = Release|Any CPU
		{62E8957B-D884-4B96-A411-8A6378CD4FFC}.Release|Any CPU.Build.0 = Release|Any CPU
		{E83C76A8-D8B2-4A3D-9C92-286217BC377D}.Debug|Any CPU.ActiveCfg = Debug|Any CPU
		{E83C76A8-D8B2-4A3D-9C92-286217BC377D}.Debug|Any CPU.Build.0 = Debug|Any CPU
		{E83C76A8-D8B2-4A3D-9C92-286217BC377D}.Release|Any CPU.ActiveCfg = Release|Any CPU
		{E83C76A8-D8B2-4A3D-9C92-286217BC377D}.Release|Any CPU.Build.0 = Release|Any CPU
		{6BA126C1-2308-4E8C-AFE4-D6D03BB09B45}.Debug|Any CPU.ActiveCfg = Debug|Any CPU
		{6BA126C1-2308-4E8C-AFE4-D6D03BB09B45}.Debug|Any CPU.Build.0 = Debug|Any CPU
		{6BA126C1-2308-4E8C-AFE4-D6D03BB09B45}.Release|Any CPU.ActiveCfg = Release|Any CPU
		{6BA126C1-2308-4E8C-AFE4-D6D03BB09B45}.Release|Any CPU.Build.0 = Release|Any CPU
		{8A08E4F5-DFFD-415D-94C9-077605BB3DFB}.Debug|Any CPU.ActiveCfg = Debug|Any CPU
		{8A08E4F5-DFFD-415D-94C9-077605BB3DFB}.Debug|Any CPU.Build.0 = Debug|Any CPU
		{8A08E4F5-DFFD-415D-94C9-077605BB3DFB}.Release|Any CPU.ActiveCfg = Release|Any CPU
		{8A08E4F5-DFFD-415D-94C9-077605BB3DFB}.Release|Any CPU.Build.0 = Release|Any CPU
		{E8C808DB-5E82-45B8-A56F-0C52D26299A9}.Debug|Any CPU.ActiveCfg = Debug|Any CPU
		{E8C808DB-5E82-45B8-A56F-0C52D26299A9}.Debug|Any CPU.Build.0 = Debug|Any CPU
		{E8C808DB-5E82-45B8-A56F-0C52D26299A9}.Release|Any CPU.ActiveCfg = Release|Any CPU
		{E8C808DB-5E82-45B8-A56F-0C52D26299A9}.Release|Any CPU.Build.0 = Release|Any CPU
		{CADF822B-84BC-4363-9B73-E54E8CB96D3F}.Debug|Any CPU.ActiveCfg = Debug|Any CPU
		{CADF822B-84BC-4363-9B73-E54E8CB96D3F}.Debug|Any CPU.Build.0 = Debug|Any CPU
		{CADF822B-84BC-4363-9B73-E54E8CB96D3F}.Release|Any CPU.ActiveCfg = Release|Any CPU
		{CADF822B-84BC-4363-9B73-E54E8CB96D3F}.Release|Any CPU.Build.0 = Release|Any CPU
		{98594D26-1FF7-4DA5-B534-81F13B30B8C6}.Debug|Any CPU.ActiveCfg = Debug|Any CPU
		{98594D26-1FF7-4DA5-B534-81F13B30B8C6}.Debug|Any CPU.Build.0 = Debug|Any CPU
		{98594D26-1FF7-4DA5-B534-81F13B30B8C6}.Release|Any CPU.ActiveCfg = Release|Any CPU
		{98594D26-1FF7-4DA5-B534-81F13B30B8C6}.Release|Any CPU.Build.0 = Release|Any CPU
		{CF9F6B6E-D36E-4404-97C5-5A02B6E0F56E}.Debug|Any CPU.ActiveCfg = Debug|Any CPU
		{CF9F6B6E-D36E-4404-97C5-5A02B6E0F56E}.Debug|Any CPU.Build.0 = Debug|Any CPU
		{CF9F6B6E-D36E-4404-97C5-5A02B6E0F56E}.Release|Any CPU.ActiveCfg = Release|Any CPU
		{CF9F6B6E-D36E-4404-97C5-5A02B6E0F56E}.Release|Any CPU.Build.0 = Release|Any CPU
		{2D4392AC-8A6A-46DD-AF50-B309B75DD630}.Debug|Any CPU.ActiveCfg = Debug|Any CPU
		{2D4392AC-8A6A-46DD-AF50-B309B75DD630}.Debug|Any CPU.Build.0 = Debug|Any CPU
		{2D4392AC-8A6A-46DD-AF50-B309B75DD630}.Release|Any CPU.ActiveCfg = Release|Any CPU
		{2D4392AC-8A6A-46DD-AF50-B309B75DD630}.Release|Any CPU.Build.0 = Release|Any CPU
		{DE4BA59A-21B8-46CE-AB83-9906AB224E83}.Debug|Any CPU.ActiveCfg = Debug|Any CPU
		{DE4BA59A-21B8-46CE-AB83-9906AB224E83}.Debug|Any CPU.Build.0 = Debug|Any CPU
		{DE4BA59A-21B8-46CE-AB83-9906AB224E83}.Release|Any CPU.ActiveCfg = Release|Any CPU
		{DE4BA59A-21B8-46CE-AB83-9906AB224E83}.Release|Any CPU.Build.0 = Release|Any CPU
		{D2506A5E-489C-476E-8712-13828D7A8210}.Debug|Any CPU.ActiveCfg = Debug|Any CPU
		{D2506A5E-489C-476E-8712-13828D7A8210}.Debug|Any CPU.Build.0 = Debug|Any CPU
		{D2506A5E-489C-476E-8712-13828D7A8210}.Release|Any CPU.ActiveCfg = Release|Any CPU
		{D2506A5E-489C-476E-8712-13828D7A8210}.Release|Any CPU.Build.0 = Release|Any CPU
		{DBD2E46F-8709-4B51-9844-A6290EE35BAB}.Debug|Any CPU.ActiveCfg = Debug|Any CPU
		{DBD2E46F-8709-4B51-9844-A6290EE35BAB}.Debug|Any CPU.Build.0 = Debug|Any CPU
		{DBD2E46F-8709-4B51-9844-A6290EE35BAB}.Release|Any CPU.ActiveCfg = Release|Any CPU
		{DBD2E46F-8709-4B51-9844-A6290EE35BAB}.Release|Any CPU.Build.0 = Release|Any CPU
		{1270ED03-99E3-4489-8964-795355500624}.Debug|Any CPU.ActiveCfg = Debug|Any CPU
		{1270ED03-99E3-4489-8964-795355500624}.Debug|Any CPU.Build.0 = Debug|Any CPU
		{1270ED03-99E3-4489-8964-795355500624}.Release|Any CPU.ActiveCfg = Release|Any CPU
		{1270ED03-99E3-4489-8964-795355500624}.Release|Any CPU.Build.0 = Release|Any CPU
		{C672BF9E-852B-4FCE-B923-F60E6D1302A3}.Debug|Any CPU.ActiveCfg = Debug|Any CPU
		{C672BF9E-852B-4FCE-B923-F60E6D1302A3}.Debug|Any CPU.Build.0 = Debug|Any CPU
		{C672BF9E-852B-4FCE-B923-F60E6D1302A3}.Release|Any CPU.ActiveCfg = Release|Any CPU
		{C672BF9E-852B-4FCE-B923-F60E6D1302A3}.Release|Any CPU.Build.0 = Release|Any CPU
		{48AB90D2-1125-41A3-84AC-5251B3431D13}.Debug|Any CPU.ActiveCfg = Debug|Any CPU
		{48AB90D2-1125-41A3-84AC-5251B3431D13}.Debug|Any CPU.Build.0 = Debug|Any CPU
		{48AB90D2-1125-41A3-84AC-5251B3431D13}.Release|Any CPU.ActiveCfg = Release|Any CPU
		{48AB90D2-1125-41A3-84AC-5251B3431D13}.Release|Any CPU.Build.0 = Release|Any CPU
		{E09ECA02-6559-4B70-AD22-8C93DA5ADE8A}.Debug|Any CPU.ActiveCfg = Debug|Any CPU
		{E09ECA02-6559-4B70-AD22-8C93DA5ADE8A}.Debug|Any CPU.Build.0 = Debug|Any CPU
		{E09ECA02-6559-4B70-AD22-8C93DA5ADE8A}.Release|Any CPU.ActiveCfg = Release|Any CPU
		{E09ECA02-6559-4B70-AD22-8C93DA5ADE8A}.Release|Any CPU.Build.0 = Release|Any CPU
		{429C3970-E544-44A6-8394-C5CCDCDCF524}.Debug|Any CPU.ActiveCfg = Debug|Any CPU
		{429C3970-E544-44A6-8394-C5CCDCDCF524}.Debug|Any CPU.Build.0 = Debug|Any CPU
		{429C3970-E544-44A6-8394-C5CCDCDCF524}.Release|Any CPU.ActiveCfg = Release|Any CPU
		{429C3970-E544-44A6-8394-C5CCDCDCF524}.Release|Any CPU.Build.0 = Release|Any CPU
	EndGlobalSection
	GlobalSection(SolutionProperties) = preSolution
		HideSolutionNode = FALSE
	EndGlobalSection
	GlobalSection(ExtensibilityGlobals) = postSolution
		SolutionGuid = {547274AF-5DE3-4E97-AA97-38AD0AE81C22}
	EndGlobalSection
	GlobalSection(NestedProjects) = preSolution
		{D4E58EDE-90A3-480E-AD31-5EA419BE2530} = {50743F3B-2BEF-4AF5-AEFB-BE1BD1B65EB5}
		{8A08E4F5-DFFD-415D-94C9-077605BB3DFB} = {D4E58EDE-90A3-480E-AD31-5EA419BE2530}
		{E8C808DB-5E82-45B8-A56F-0C52D26299A9} = {D4E58EDE-90A3-480E-AD31-5EA419BE2530}
		{CADF822B-84BC-4363-9B73-E54E8CB96D3F} = {D4E58EDE-90A3-480E-AD31-5EA419BE2530}
		{98594D26-1FF7-4DA5-B534-81F13B30B8C6} = {D4E58EDE-90A3-480E-AD31-5EA419BE2530}
		{BC45EE74-C01B-4CCC-84D3-7CB9B25611EA} = {50743F3B-2BEF-4AF5-AEFB-BE1BD1B65EB5}
		{CF9F6B6E-D36E-4404-97C5-5A02B6E0F56E} = {BC45EE74-C01B-4CCC-84D3-7CB9B25611EA}
		{2D4392AC-8A6A-46DD-AF50-B309B75DD630} = {BC45EE74-C01B-4CCC-84D3-7CB9B25611EA}
		{B94F8682-F83F-4B9C-9C66-D82F7BFFB806} = {50743F3B-2BEF-4AF5-AEFB-BE1BD1B65EB5}
		{DE4BA59A-21B8-46CE-AB83-9906AB224E83} = {B94F8682-F83F-4B9C-9C66-D82F7BFFB806}
		{D2506A5E-489C-476E-8712-13828D7A8210} = {B94F8682-F83F-4B9C-9C66-D82F7BFFB806}
		{DBD2E46F-8709-4B51-9844-A6290EE35BAB} = {B94F8682-F83F-4B9C-9C66-D82F7BFFB806}
		{0C98D4EF-18BA-4AAF-AA12-D2E140F38537} = {50743F3B-2BEF-4AF5-AEFB-BE1BD1B65EB5}
		{1270ED03-99E3-4489-8964-795355500624} = {0C98D4EF-18BA-4AAF-AA12-D2E140F38537}
		{C672BF9E-852B-4FCE-B923-F60E6D1302A3} = {0C98D4EF-18BA-4AAF-AA12-D2E140F38537}
		{48AB90D2-1125-41A3-84AC-5251B3431D13} = {0C98D4EF-18BA-4AAF-AA12-D2E140F38537}
		{E09ECA02-6559-4B70-AD22-8C93DA5ADE8A} = {0C98D4EF-18BA-4AAF-AA12-D2E140F38537}
		{429C3970-E544-44A6-8394-C5CCDCDCF524} = {0C98D4EF-18BA-4AAF-AA12-D2E140F38537}
	EndGlobalSection
EndGlobal
