
Microsoft Visual Studio Solution File, Format Version 12.00
# Visual Studio Version 17
VisualStudioVersion = 17.5.33502.453
MinimumVisualStudioVersion = 10.0.40219.1
Project("{9A19103F-16F7-4668-BE54-9A1E7A4F7556}") = "ToDo.API", "ToDo.API\ToDo.API.csproj", "{D8D992ED-BA37-4673-AC3A-ABC3E64D9C57}"
EndProject
Project("{9A19103F-16F7-4668-BE54-9A1E7A4F7556}") = "ToDo.Shared", "ToDo.Shared\ToDo.Shared.csproj", "{62E8957B-D884-4B96-A411-8A6378CD4FFC}"
EndProject
Project("{9A19103F-16F7-4668-BE54-9A1E7A4F7556}") = "ToDo.Test", "ToDo.Test\ToDo.Test.csproj", "{E83C76A8-D8B2-4A3D-9C92-286217BC377D}"
EndProject
Project("{9A19103F-16F7-4668-BE54-9A1E7A4F7556}") = "ToDo.Web", "ToDo.Web\ToDo.Web.csproj", "{6BA126C1-2308-4E8C-AFE4-D6D03BB09B45}"
EndProject
Project("{2150E333-8FDC-42A3-9474-1A3956D46DE8}") = "Submodules", "Submodules", "{CBAC93D6-05CA-4856-9757-1834850DD84E}"
EndProject
Project("{9A19103F-16F7-4668-BE54-9A1E7A4F7556}") = "ShiftFrameworkTestingTools", "ShiftFrameworkTestingTools\ShiftFrameworkTestingTools\ShiftFrameworkTestingTools.csproj", "{B0FF9ACF-85D3-4014-AECC-6F0DFC2E7C77}"
EndProject
Project("{2150E333-8FDC-42A3-9474-1A3956D46DE8}") = "ShiftFramework", "ShiftFramework", "{50743F3B-2BEF-4AF5-AEFB-BE1BD1B65EB5}"
	ProjectSection(SolutionItems) = preProject
		ImportAndReferenceAll.bat = ImportAndReferenceAll.bat
		RemoveAll.bat = RemoveAll.bat
	EndProjectSection
EndProject
Project("{2150E333-8FDC-42A3-9474-1A3956D46DE8}") = "ShiftEntity", "ShiftEntity", "{5130C58E-BDB3-48C8-A95A-93041CE71C09}"
EndProject
Project("{FAE04EC0-301F-11D3-BF4B-00C04F79EFBC}") = "ShiftEntity.Model", "..\ShiftEntity\ShiftEntity.Model\ShiftEntity.Model.csproj", "{D271B1B6-9ACF-4ED2-BE91-69561D05D886}"
EndProject
Project("{FAE04EC0-301F-11D3-BF4B-00C04F79EFBC}") = "ShiftEntity.Core", "..\ShiftEntity\ShiftEntity.Core\ShiftEntity.Core.csproj", "{9AAD1F50-7CEE-4848-9A53-B859B5547F31}"
EndProject
Project("{FAE04EC0-301F-11D3-BF4B-00C04F79EFBC}") = "ShiftEntity.Web", "..\ShiftEntity\ShiftEntity.Web\ShiftEntity.Web.csproj", "{7A935147-D2FD-487F-9906-C924F0C12515}"
EndProject
Project("{FAE04EC0-301F-11D3-BF4B-00C04F79EFBC}") = "ShiftEntity.EFCore.SqlServer", "..\ShiftEntity\ShiftEntity.EFCore.SqlServer\ShiftEntity.EFCore.SqlServer.csproj", "{54A2EAFF-2ADF-4CF3-93FA-8B668A7C06F6}"
EndProject
Project("{2150E333-8FDC-42A3-9474-1A3956D46DE8}") = "ShiftBlazor", "ShiftBlazor", "{2E16983F-947C-441D-821E-2FAED31AAFF3}"
EndProject
Project("{FAE04EC0-301F-11D3-BF4B-00C04F79EFBC}") = "ShiftBlazor", "..\ShiftBlazor\ShiftBlazor\ShiftBlazor.csproj", "{99C01BF9-16A5-4601-AC07-A3068CAF0803}"
EndProject
Project("{2150E333-8FDC-42A3-9474-1A3956D46DE8}") = "TypeAuth", "TypeAuth", "{FF5BEED0-A5CE-43B9-BE33-24503A3B3A46}"
EndProject
Project("{FAE04EC0-301F-11D3-BF4B-00C04F79EFBC}") = "TypeAuth.Core", "..\TypeAuth\TypeAuth.Core\TypeAuth.Core.csproj", "{CCDD874A-F8D6-49E1-A00A-B9CC894ED190}"
EndProject
Project("{FAE04EC0-301F-11D3-BF4B-00C04F79EFBC}") = "TypeAuth.Blazor", "..\TypeAuth\TypeAuth.Blazor\TypeAuth.Blazor.csproj", "{C6D0FD60-E2A1-477C-B36A-03BA0E1758B1}"
EndProject
Project("{FAE04EC0-301F-11D3-BF4B-00C04F79EFBC}") = "TypeAuth.AspNetCore", "..\TypeAuth\TypeAuth.AspNetCore\TypeAuth.AspNetCore.csproj", "{356F7BB0-F13A-4316-9D93-EB606047E874}"
EndProject
Project("{2150E333-8FDC-42A3-9474-1A3956D46DE8}") = "ShiftIdentity", "ShiftIdentity", "{7FD4563C-B74A-4C36-ACB8-D5604CC29B4B}"
EndProject
Project("{FAE04EC0-301F-11D3-BF4B-00C04F79EFBC}") = "ShiftIdentity.Core", "..\ShiftIdentity\ShiftIdentity.Core\ShiftIdentity.Core.csproj", "{D90B5FB5-9467-4F69-A053-1C7C0850F6FE}"
EndProject
Project("{FAE04EC0-301F-11D3-BF4B-00C04F79EFBC}") = "ShiftIdentity.AspNetCore", "..\ShiftIdentity\ShiftIdentity.AspNetCore\ShiftIdentity.AspNetCore.csproj", "{E07771D2-412D-4220-9D07-3ACF329A438E}"
EndProject
Project("{FAE04EC0-301F-11D3-BF4B-00C04F79EFBC}") = "ShiftIdentity.Blazor", "..\ShiftIdentity\ShiftIdentity.Blazor\ShiftIdentity.Blazor.csproj", "{2885BCD6-6F6F-4D16-9CB0-4E2D31F49BE5}"
EndProject
Project("{FAE04EC0-301F-11D3-BF4B-00C04F79EFBC}") = "ShiftIdentity.Dashboard.AspNetCore", "..\ShiftIdentity\ShiftIdentity.Dashboard.AspNetCore\ShiftIdentity.Dashboard.AspNetCore.csproj", "{C5579CCA-667C-49A4-A11A-5C598D12019C}"
EndProject
Project("{FAE04EC0-301F-11D3-BF4B-00C04F79EFBC}") = "ShiftIdentity.Dashboard.Blazor", "..\ShiftIdentity\ShiftIdentity.Dashboard.Blazor\ShiftIdentity.Dashboard.Blazor.csproj", "{AA1F41A9-A14D-48DC-AFBE-D80A75E51720}"
EndProject
Global
	GlobalSection(SolutionConfigurationPlatforms) = preSolution
		Debug|Any CPU = Debug|Any CPU
		Release|Any CPU = Release|Any CPU
	EndGlobalSection
	GlobalSection(ProjectConfigurationPlatforms) = postSolution
		{D8D992ED-BA37-4673-AC3A-ABC3E64D9C57}.Debug|Any CPU.ActiveCfg = Debug|Any CPU
		{D8D992ED-BA37-4673-AC3A-ABC3E64D9C57}.Debug|Any CPU.Build.0 = Debug|Any CPU
		{D8D992ED-BA37-4673-AC3A-ABC3E64D9C57}.Release|Any CPU.ActiveCfg = Release|Any CPU
		{D8D992ED-BA37-4673-AC3A-ABC3E64D9C57}.Release|Any CPU.Build.0 = Release|Any CPU
		{62E8957B-D884-4B96-A411-8A6378CD4FFC}.Debug|Any CPU.ActiveCfg = Debug|Any CPU
		{62E8957B-D884-4B96-A411-8A6378CD4FFC}.Debug|Any CPU.Build.0 = Debug|Any CPU
		{62E8957B-D884-4B96-A411-8A6378CD4FFC}.Release|Any CPU.ActiveCfg = Release|Any CPU
		{62E8957B-D884-4B96-A411-8A6378CD4FFC}.Release|Any CPU.Build.0 = Release|Any CPU
		{E83C76A8-D8B2-4A3D-9C92-286217BC377D}.Debug|Any CPU.ActiveCfg = Debug|Any CPU
		{E83C76A8-D8B2-4A3D-9C92-286217BC377D}.Debug|Any CPU.Build.0 = Debug|Any CPU
		{E83C76A8-D8B2-4A3D-9C92-286217BC377D}.Release|Any CPU.ActiveCfg = Release|Any CPU
		{E83C76A8-D8B2-4A3D-9C92-286217BC377D}.Release|Any CPU.Build.0 = Release|Any CPU
		{6BA126C1-2308-4E8C-AFE4-D6D03BB09B45}.Debug|Any CPU.ActiveCfg = Debug|Any CPU
		{6BA126C1-2308-4E8C-AFE4-D6D03BB09B45}.Debug|Any CPU.Build.0 = Debug|Any CPU
		{6BA126C1-2308-4E8C-AFE4-D6D03BB09B45}.Release|Any CPU.ActiveCfg = Release|Any CPU
		{6BA126C1-2308-4E8C-AFE4-D6D03BB09B45}.Release|Any CPU.Build.0 = Release|Any CPU
		{B0FF9ACF-85D3-4014-AECC-6F0DFC2E7C77}.Debug|Any CPU.ActiveCfg = Debug|Any CPU
		{B0FF9ACF-85D3-4014-AECC-6F0DFC2E7C77}.Debug|Any CPU.Build.0 = Debug|Any CPU
		{B0FF9ACF-85D3-4014-AECC-6F0DFC2E7C77}.Release|Any CPU.ActiveCfg = Release|Any CPU
		{B0FF9ACF-85D3-4014-AECC-6F0DFC2E7C77}.Release|Any CPU.Build.0 = Release|Any CPU
		{D271B1B6-9ACF-4ED2-BE91-69561D05D886}.Debug|Any CPU.ActiveCfg = Debug|Any CPU
		{D271B1B6-9ACF-4ED2-BE91-69561D05D886}.Debug|Any CPU.Build.0 = Debug|Any CPU
		{D271B1B6-9ACF-4ED2-BE91-69561D05D886}.Release|Any CPU.ActiveCfg = Release|Any CPU
		{D271B1B6-9ACF-4ED2-BE91-69561D05D886}.Release|Any CPU.Build.0 = Release|Any CPU
		{9AAD1F50-7CEE-4848-9A53-B859B5547F31}.Debug|Any CPU.ActiveCfg = Debug|Any CPU
		{9AAD1F50-7CEE-4848-9A53-B859B5547F31}.Debug|Any CPU.Build.0 = Debug|Any CPU
		{9AAD1F50-7CEE-4848-9A53-B859B5547F31}.Release|Any CPU.ActiveCfg = Release|Any CPU
		{9AAD1F50-7CEE-4848-9A53-B859B5547F31}.Release|Any CPU.Build.0 = Release|Any CPU
		{7A935147-D2FD-487F-9906-C924F0C12515}.Debug|Any CPU.ActiveCfg = Debug|Any CPU
		{7A935147-D2FD-487F-9906-C924F0C12515}.Debug|Any CPU.Build.0 = Debug|Any CPU
		{7A935147-D2FD-487F-9906-C924F0C12515}.Release|Any CPU.ActiveCfg = Release|Any CPU
		{7A935147-D2FD-487F-9906-C924F0C12515}.Release|Any CPU.Build.0 = Release|Any CPU
		{54A2EAFF-2ADF-4CF3-93FA-8B668A7C06F6}.Debug|Any CPU.ActiveCfg = Debug|Any CPU
		{54A2EAFF-2ADF-4CF3-93FA-8B668A7C06F6}.Debug|Any CPU.Build.0 = Debug|Any CPU
		{54A2EAFF-2ADF-4CF3-93FA-8B668A7C06F6}.Release|Any CPU.ActiveCfg = Release|Any CPU
		{54A2EAFF-2ADF-4CF3-93FA-8B668A7C06F6}.Release|Any CPU.Build.0 = Release|Any CPU
		{99C01BF9-16A5-4601-AC07-A3068CAF0803}.Debug|Any CPU.ActiveCfg = Debug|Any CPU
		{99C01BF9-16A5-4601-AC07-A3068CAF0803}.Debug|Any CPU.Build.0 = Debug|Any CPU
		{99C01BF9-16A5-4601-AC07-A3068CAF0803}.Release|Any CPU.ActiveCfg = Release|Any CPU
		{99C01BF9-16A5-4601-AC07-A3068CAF0803}.Release|Any CPU.Build.0 = Release|Any CPU
		{CCDD874A-F8D6-49E1-A00A-B9CC894ED190}.Debug|Any CPU.ActiveCfg = Debug|Any CPU
		{CCDD874A-F8D6-49E1-A00A-B9CC894ED190}.Debug|Any CPU.Build.0 = Debug|Any CPU
		{CCDD874A-F8D6-49E1-A00A-B9CC894ED190}.Release|Any CPU.ActiveCfg = Release|Any CPU
		{CCDD874A-F8D6-49E1-A00A-B9CC894ED190}.Release|Any CPU.Build.0 = Release|Any CPU
		{C6D0FD60-E2A1-477C-B36A-03BA0E1758B1}.Debug|Any CPU.ActiveCfg = Debug|Any CPU
		{C6D0FD60-E2A1-477C-B36A-03BA0E1758B1}.Debug|Any CPU.Build.0 = Debug|Any CPU
		{C6D0FD60-E2A1-477C-B36A-03BA0E1758B1}.Release|Any CPU.ActiveCfg = Release|Any CPU
		{C6D0FD60-E2A1-477C-B36A-03BA0E1758B1}.Release|Any CPU.Build.0 = Release|Any CPU
		{356F7BB0-F13A-4316-9D93-EB606047E874}.Debug|Any CPU.ActiveCfg = Debug|Any CPU
		{356F7BB0-F13A-4316-9D93-EB606047E874}.Debug|Any CPU.Build.0 = Debug|Any CPU
		{356F7BB0-F13A-4316-9D93-EB606047E874}.Release|Any CPU.ActiveCfg = Release|Any CPU
		{356F7BB0-F13A-4316-9D93-EB606047E874}.Release|Any CPU.Build.0 = Release|Any CPU
		{D90B5FB5-9467-4F69-A053-1C7C0850F6FE}.Debug|Any CPU.ActiveCfg = Debug|Any CPU
		{D90B5FB5-9467-4F69-A053-1C7C0850F6FE}.Debug|Any CPU.Build.0 = Debug|Any CPU
		{D90B5FB5-9467-4F69-A053-1C7C0850F6FE}.Release|Any CPU.ActiveCfg = Release|Any CPU
		{D90B5FB5-9467-4F69-A053-1C7C0850F6FE}.Release|Any CPU.Build.0 = Release|Any CPU
		{E07771D2-412D-4220-9D07-3ACF329A438E}.Debug|Any CPU.ActiveCfg = Debug|Any CPU
		{E07771D2-412D-4220-9D07-3ACF329A438E}.Debug|Any CPU.Build.0 = Debug|Any CPU
		{E07771D2-412D-4220-9D07-3ACF329A438E}.Release|Any CPU.ActiveCfg = Release|Any CPU
		{E07771D2-412D-4220-9D07-3ACF329A438E}.Release|Any CPU.Build.0 = Release|Any CPU
		{2885BCD6-6F6F-4D16-9CB0-4E2D31F49BE5}.Debug|Any CPU.ActiveCfg = Debug|Any CPU
		{2885BCD6-6F6F-4D16-9CB0-4E2D31F49BE5}.Debug|Any CPU.Build.0 = Debug|Any CPU
		{2885BCD6-6F6F-4D16-9CB0-4E2D31F49BE5}.Release|Any CPU.ActiveCfg = Release|Any CPU
		{2885BCD6-6F6F-4D16-9CB0-4E2D31F49BE5}.Release|Any CPU.Build.0 = Release|Any CPU
		{C5579CCA-667C-49A4-A11A-5C598D12019C}.Debug|Any CPU.ActiveCfg = Debug|Any CPU
		{C5579CCA-667C-49A4-A11A-5C598D12019C}.Debug|Any CPU.Build.0 = Debug|Any CPU
		{C5579CCA-667C-49A4-A11A-5C598D12019C}.Release|Any CPU.ActiveCfg = Release|Any CPU
		{C5579CCA-667C-49A4-A11A-5C598D12019C}.Release|Any CPU.Build.0 = Release|Any CPU
		{AA1F41A9-A14D-48DC-AFBE-D80A75E51720}.Debug|Any CPU.ActiveCfg = Debug|Any CPU
		{AA1F41A9-A14D-48DC-AFBE-D80A75E51720}.Debug|Any CPU.Build.0 = Debug|Any CPU
		{AA1F41A9-A14D-48DC-AFBE-D80A75E51720}.Release|Any CPU.ActiveCfg = Release|Any CPU
		{AA1F41A9-A14D-48DC-AFBE-D80A75E51720}.Release|Any CPU.Build.0 = Release|Any CPU
	EndGlobalSection
	GlobalSection(SolutionProperties) = preSolution
		HideSolutionNode = FALSE
	EndGlobalSection
	GlobalSection(NestedProjects) = preSolution
		{B0FF9ACF-85D3-4014-AECC-6F0DFC2E7C77} = {CBAC93D6-05CA-4856-9757-1834850DD84E}
		{5130C58E-BDB3-48C8-A95A-93041CE71C09} = {50743F3B-2BEF-4AF5-AEFB-BE1BD1B65EB5}
		{D271B1B6-9ACF-4ED2-BE91-69561D05D886} = {5130C58E-BDB3-48C8-A95A-93041CE71C09}
		{9AAD1F50-7CEE-4848-9A53-B859B5547F31} = {5130C58E-BDB3-48C8-A95A-93041CE71C09}
		{7A935147-D2FD-487F-9906-C924F0C12515} = {5130C58E-BDB3-48C8-A95A-93041CE71C09}
		{54A2EAFF-2ADF-4CF3-93FA-8B668A7C06F6} = {5130C58E-BDB3-48C8-A95A-93041CE71C09}
		{2E16983F-947C-441D-821E-2FAED31AAFF3} = {50743F3B-2BEF-4AF5-AEFB-BE1BD1B65EB5}
		{99C01BF9-16A5-4601-AC07-A3068CAF0803} = {2E16983F-947C-441D-821E-2FAED31AAFF3}
		{FF5BEED0-A5CE-43B9-BE33-24503A3B3A46} = {50743F3B-2BEF-4AF5-AEFB-BE1BD1B65EB5}
		{CCDD874A-F8D6-49E1-A00A-B9CC894ED190} = {FF5BEED0-A5CE-43B9-BE33-24503A3B3A46}
		{C6D0FD60-E2A1-477C-B36A-03BA0E1758B1} = {FF5BEED0-A5CE-43B9-BE33-24503A3B3A46}
		{356F7BB0-F13A-4316-9D93-EB606047E874} = {FF5BEED0-A5CE-43B9-BE33-24503A3B3A46}
		{7FD4563C-B74A-4C36-ACB8-D5604CC29B4B} = {50743F3B-2BEF-4AF5-AEFB-BE1BD1B65EB5}
		{D90B5FB5-9467-4F69-A053-1C7C0850F6FE} = {7FD4563C-B74A-4C36-ACB8-D5604CC29B4B}
		{E07771D2-412D-4220-9D07-3ACF329A438E} = {7FD4563C-B74A-4C36-ACB8-D5604CC29B4B}
		{2885BCD6-6F6F-4D16-9CB0-4E2D31F49BE5} = {7FD4563C-B74A-4C36-ACB8-D5604CC29B4B}
		{C5579CCA-667C-49A4-A11A-5C598D12019C} = {7FD4563C-B74A-4C36-ACB8-D5604CC29B4B}
		{AA1F41A9-A14D-48DC-AFBE-D80A75E51720} = {7FD4563C-B74A-4C36-ACB8-D5604CC29B4B}
	EndGlobalSection
	GlobalSection(ExtensibilityGlobals) = postSolution
		SolutionGuid = {547274AF-5DE3-4E97-AA97-38AD0AE81C22}
	EndGlobalSection
EndGlobal
